// !$*UTF8*$!
{
	archiveVersion = 1;
	classes = {
	};
	objectVersion = 56;
	objects = {

/* Begin PBXBuildFile section */
		3F355D6C287E91AE0004AC79 /* GestureSampleApp.swift in Sources */ = {isa = PBXBuildFile; fileRef = 3F355D6B287E91AE0004AC79 /* GestureSampleApp.swift */; };
		3F355D6E287E91AE0004AC79 /* ContentView.swift in Sources */ = {isa = PBXBuildFile; fileRef = 3F355D6D287E91AE0004AC79 /* ContentView.swift */; };
		3F355D70287E91AF0004AC79 /* Assets.xcassets in Resources */ = {isa = PBXBuildFile; fileRef = 3F355D6F287E91AF0004AC79 /* Assets.xcassets */; };
		3F355D73287E91AF0004AC79 /* Preview Assets.xcassets in Resources */ = {isa = PBXBuildFile; fileRef = 3F355D72287E91AF0004AC79 /* Preview Assets.xcassets */; };
		3F355D7D287E91B00004AC79 /* GestureSampleTests.swift in Sources */ = {isa = PBXBuildFile; fileRef = 3F355D7C287E91B00004AC79 /* GestureSampleTests.swift */; };
		3F355D87287E91B00004AC79 /* GestureSampleUITests.swift in Sources */ = {isa = PBXBuildFile; fileRef = 3F355D86287E91B00004AC79 /* GestureSampleUITests.swift */; };
		3F355D89287E91B00004AC79 /* GestureSampleUITestsLaunchTests.swift in Sources */ = {isa = PBXBuildFile; fileRef = 3F355D88287E91B00004AC79 /* GestureSampleUITestsLaunchTests.swift */; };
/* End PBXBuildFile section */

/* Begin PBXContainerItemProxy section */
		3F355D79287E91B00004AC79 /* PBXContainerItemProxy */ = {
			isa = PBXContainerItemProxy;
			containerPortal = 3F355D60287E91AE0004AC79 /* Project object */;
			proxyType = 1;
			remoteGlobalIDString = 3F355D67287E91AE0004AC79;
			remoteInfo = GestureSample;
		};
		3F355D83287E91B00004AC79 /* PBXContainerItemProxy */ = {
			isa = PBXContainerItemProxy;
			containerPortal = 3F355D60287E91AE0004AC79 /* Project object */;
			proxyType = 1;
			remoteGlobalIDString = 3F355D67287E91AE0004AC79;
			remoteInfo = GestureSample;
		};
/* End PBXContainerItemProxy section */

/* Begin PBXFileReference section */
		3F355D68287E91AE0004AC79 /* GestureSample.app */ = {isa = PBXFileReference; explicitFileType = wrapper.application; includeInIndex = 0; path = GestureSample.app; sourceTree = BUILT_PRODUCTS_DIR; };
		3F355D6B287E91AE0004AC79 /* GestureSampleApp.swift */ = {isa = PBXFileReference; lastKnownFileType = sourcecode.swift; path = GestureSampleApp.swift; sourceTree = "<group>"; };
		3F355D6D287E91AE0004AC79 /* ContentView.swift */ = {isa = PBXFileReference; lastKnownFileType = sourcecode.swift; path = ContentView.swift; sourceTree = "<group>"; };
		3F355D6F287E91AF0004AC79 /* Assets.xcassets */ = {isa = PBXFileReference; lastKnownFileType = folder.assetcatalog; path = Assets.xcassets; sourceTree = "<group>"; };
		3F355D72287E91AF0004AC79 /* Preview Assets.xcassets */ = {isa = PBXFileReference; lastKnownFileType = folder.assetcatalog; path = "Preview Assets.xcassets"; sourceTree = "<group>"; };
		3F355D78287E91B00004AC79 /* GestureSampleTests.xctest */ = {isa = PBXFileReference; explicitFileType = wrapper.cfbundle; includeInIndex = 0; path = GestureSampleTests.xctest; sourceTree = BUILT_PRODUCTS_DIR; };
		3F355D7C287E91B00004AC79 /* GestureSampleTests.swift */ = {isa = PBXFileReference; lastKnownFileType = sourcecode.swift; path = GestureSampleTests.swift; sourceTree = "<group>"; };
		3F355D82287E91B00004AC79 /* GestureSampleUITests.xctest */ = {isa = PBXFileReference; explicitFileType = wrapper.cfbundle; includeInIndex = 0; path = GestureSampleUITests.xctest; sourceTree = BUILT_PRODUCTS_DIR; };
		3F355D86287E91B00004AC79 /* GestureSampleUITests.swift */ = {isa = PBXFileReference; lastKnownFileType = sourcecode.swift; path = GestureSampleUITests.swift; sourceTree = "<group>"; };
		3F355D88287E91B00004AC79 /* GestureSampleUITestsLaunchTests.swift */ = {isa = PBXFileReference; lastKnownFileType = sourcecode.swift; path = GestureSampleUITestsLaunchTests.swift; sourceTree = "<group>"; };
/* End PBXFileReference section */

/* Begin PBXFrameworksBuildPhase section */
		3F355D65287E91AE0004AC79 /* Frameworks */ = {
			isa = PBXFrameworksBuildPhase;
			buildActionMask = 2147483647;
			files = (
			);
			runOnlyForDeploymentPostprocessing = 0;
		};
		3F355D75287E91B00004AC79 /* Frameworks */ = {
			isa = PBXFrameworksBuildPhase;
			buildActionMask = 2147483647;
			files = (
			);
			runOnlyForDeploymentPostprocessing = 0;
		};
		3F355D7F287E91B00004AC79 /* Frameworks */ = {
			isa = PBXFrameworksBuildPhase;
			buildActionMask = 2147483647;
			files = (
			);
			runOnlyForDeploymentPostprocessing = 0;
		};
/* End PBXFrameworksBuildPhase section */

/* Begin PBXGroup section */
		3F355D5F287E91AE0004AC79 = {
			isa = PBXGroup;
			children = (
				3F355D6A287E91AE0004AC79 /* GestureSample */,
				3F355D7B287E91B00004AC79 /* GestureSampleTests */,
				3F355D85287E91B00004AC79 /* GestureSampleUITests */,
				3F355D69287E91AE0004AC79 /* Products */,
			);
			sourceTree = "<group>";
		};
		3F355D69287E91AE0004AC79 /* Products */ = {
			isa = PBXGroup;
			children = (
				3F355D68287E91AE0004AC79 /* GestureSample.app */,
				3F355D78287E91B00004AC79 /* GestureSampleTests.xctest */,
				3F355D82287E91B00004AC79 /* GestureSampleUITests.xctest */,
			);
			name = Products;
			sourceTree = "<group>";
		};
		3F355D6A287E91AE0004AC79 /* GestureSample */ = {
			isa = PBXGroup;
			children = (
				3F355D6B287E91AE0004AC79 /* GestureSampleApp.swift */,
				3F355D6D287E91AE0004AC79 /* ContentView.swift */,
				3F355D6F287E91AF0004AC79 /* Assets.xcassets */,
				3F355D71287E91AF0004AC79 /* Preview Content */,
			);
			path = GestureSample;
			sourceTree = "<group>";
		};
		3F355D71287E91AF0004AC79 /* Preview Content */ = {
			isa = PBXGroup;
			children = (
				3F355D72287E91AF0004AC79 /* Preview Assets.xcassets */,
			);
			path = "Preview Content";
			sourceTree = "<group>";
		};
		3F355D7B287E91B00004AC79 /* GestureSampleTests */ = {
			isa = PBXGroup;
			children = (
				3F355D7C287E91B00004AC79 /* GestureSampleTests.swift */,
			);
			path = GestureSampleTests;
			sourceTree = "<group>";
		};
		3F355D85287E91B00004AC79 /* GestureSampleUITests */ = {
			isa = PBXGroup;
			children = (
				3F355D86287E91B00004AC79 /* GestureSampleUITests.swift */,
				3F355D88287E91B00004AC79 /* GestureSampleUITestsLaunchTests.swift */,
			);
			path = GestureSampleUITests;
			sourceTree = "<group>";
		};
/* End PBXGroup section */

/* Begin PBXNativeTarget section */
		3F355D67287E91AE0004AC79 /* GestureSample */ = {
			isa = PBXNativeTarget;
			buildConfigurationList = 3F355D8C287E91B00004AC79 /* Build configuration list for PBXNativeTarget "GestureSample" */;
			buildPhases = (
				3F355D64287E91AE0004AC79 /* Sources */,
				3F355D65287E91AE0004AC79 /* Frameworks */,
				3F355D66287E91AE0004AC79 /* Resources */,
			);
			buildRules = (
			);
			dependencies = (
			);
			name = GestureSample;
			productName = GestureSample;
			productReference = 3F355D68287E91AE0004AC79 /* GestureSample.app */;
			productType = "com.apple.product-type.application";
		};
		3F355D77287E91B00004AC79 /* GestureSampleTests */ = {
			isa = PBXNativeTarget;
			buildConfigurationList = 3F355D8F287E91B00004AC79 /* Build configuration list for PBXNativeTarget "GestureSampleTests" */;
			buildPhases = (
				3F355D74287E91B00004AC79 /* Sources */,
				3F355D75287E91B00004AC79 /* Frameworks */,
				3F355D76287E91B00004AC79 /* Resources */,
			);
			buildRules = (
			);
			dependencies = (
				3F355D7A287E91B00004AC79 /* PBXTargetDependency */,
			);
			name = GestureSampleTests;
			productName = GestureSampleTests;
			productReference = 3F355D78287E91B00004AC79 /* GestureSampleTests.xctest */;
			productType = "com.apple.product-type.bundle.unit-test";
		};
		3F355D81287E91B00004AC79 /* GestureSampleUITests */ = {
			isa = PBXNativeTarget;
			buildConfigurationList = 3F355D92287E91B00004AC79 /* Build configuration list for PBXNativeTarget "GestureSampleUITests" */;
			buildPhases = (
				3F355D7E287E91B00004AC79 /* Sources */,
				3F355D7F287E91B00004AC79 /* Frameworks */,
				3F355D80287E91B00004AC79 /* Resources */,
			);
			buildRules = (
			);
			dependencies = (
				3F355D84287E91B00004AC79 /* PBXTargetDependency */,
			);
			name = GestureSampleUITests;
			productName = GestureSampleUITests;
			productReference = 3F355D82287E91B00004AC79 /* GestureSampleUITests.xctest */;
			productType = "com.apple.product-type.bundle.ui-testing";
		};
/* End PBXNativeTarget section */

/* Begin PBXProject section */
		3F355D60287E91AE0004AC79 /* Project object */ = {
			isa = PBXProject;
			attributes = {
				BuildIndependentTargetsInParallel = 1;
				LastSwiftUpdateCheck = 1400;
				LastUpgradeCheck = 1400;
				TargetAttributes = {
					3F355D67287E91AE0004AC79 = {
						CreatedOnToolsVersion = 14.0;
					};
					3F355D77287E91B00004AC79 = {
						CreatedOnToolsVersion = 14.0;
						TestTargetID = 3F355D67287E91AE0004AC79;
					};
					3F355D81287E91B00004AC79 = {
						CreatedOnToolsVersion = 14.0;
						TestTargetID = 3F355D67287E91AE0004AC79;
					};
				};
			};
			buildConfigurationList = 3F355D63287E91AE0004AC79 /* Build configuration list for PBXProject "GestureSample" */;
			compatibilityVersion = "Xcode 14.0";
			developmentRegion = en;
			hasScannedForEncodings = 0;
			knownRegions = (
				en,
				Base,
			);
			mainGroup = 3F355D5F287E91AE0004AC79;
			productRefGroup = 3F355D69287E91AE0004AC79 /* Products */;
			projectDirPath = "";
			projectRoot = "";
			targets = (
				3F355D67287E91AE0004AC79 /* GestureSample */,
				3F355D77287E91B00004AC79 /* GestureSampleTests */,
				3F355D81287E91B00004AC79 /* GestureSampleUITests */,
			);
		};
/* End PBXProject section */

/* Begin PBXResourcesBuildPhase section */
		3F355D66287E91AE0004AC79 /* Resources */ = {
			isa = PBXResourcesBuildPhase;
			buildActionMask = 2147483647;
			files = (
				3F355D73287E91AF0004AC79 /* Preview Assets.xcassets in Resources */,
				3F355D70287E91AF0004AC79 /* Assets.xcassets in Resources */,
			);
			runOnlyForDeploymentPostprocessing = 0;
		};
		3F355D76287E91B00004AC79 /* Resources */ = {
			isa = PBXResourcesBuildPhase;
			buildActionMask = 2147483647;
			files = (
			);
			runOnlyForDeploymentPostprocessing = 0;
		};
		3F355D80287E91B00004AC79 /* Resources */ = {
			isa = PBXResourcesBuildPhase;
			buildActionMask = 2147483647;
			files = (
			);
			runOnlyForDeploymentPostprocessing = 0;
		};
/* End PBXResourcesBuildPhase section */

/* Begin PBXSourcesBuildPhase section */
		3F355D64287E91AE0004AC79 /* Sources */ = {
			isa = PBXSourcesBuildPhase;
			buildActionMask = 2147483647;
			files = (
				3F355D6E287E91AE0004AC79 /* ContentView.swift in Sources */,
				3F355D6C287E91AE0004AC79 /* GestureSampleApp.swift in Sources */,
			);
			runOnlyForDeploymentPostprocessing = 0;
		};
		3F355D74287E91B00004AC79 /* Sources */ = {
			isa = PBXSourcesBuildPhase;
			buildActionMask = 2147483647;
			files = (
				3F355D7D287E91B00004AC79 /* GestureSampleTests.swift in Sources */,
			);
			runOnlyForDeploymentPostprocessing = 0;
		};
		3F355D7E287E91B00004AC79 /* Sources */ = {
			isa = PBXSourcesBuildPhase;
			buildActionMask = 2147483647;
			files = (
				3F355D89287E91B00004AC79 /* GestureSampleUITestsLaunchTests.swift in Sources */,
				3F355D87287E91B00004AC79 /* GestureSampleUITests.swift in Sources */,
			);
			runOnlyForDeploymentPostprocessing = 0;
		};
/* End PBXSourcesBuildPhase section */

/* Begin PBXTargetDependency section */
		3F355D7A287E91B00004AC79 /* PBXTargetDependency */ = {
			isa = PBXTargetDependency;
			target = 3F355D67287E91AE0004AC79 /* GestureSample */;
			targetProxy = 3F355D79287E91B00004AC79 /* PBXContainerItemProxy */;
		};
		3F355D84287E91B00004AC79 /* PBXTargetDependency */ = {
			isa = PBXTargetDependency;
			target = 3F355D67287E91AE0004AC79 /* GestureSample */;
			targetProxy = 3F355D83287E91B00004AC79 /* PBXContainerItemProxy */;
		};
/* End PBXTargetDependency section */

/* Begin XCBuildConfiguration section */
		3F355D8A287E91B00004AC79 /* Debug */ = {
			isa = XCBuildConfiguration;
			buildSettings = {
				ALWAYS_SEARCH_USER_PATHS = NO;
				CLANG_ANALYZER_NONNULL = YES;
				CLANG_ANALYZER_NUMBER_OBJECT_CONVERSION = YES_AGGRESSIVE;
				CLANG_CXX_LANGUAGE_STANDARD = "gnu++20";
				CLANG_ENABLE_MODULES = YES;
				CLANG_ENABLE_OBJC_ARC = YES;
				CLANG_ENABLE_OBJC_WEAK = YES;
				CLANG_WARN_BLOCK_CAPTURE_AUTORELEASING = YES;
				CLANG_WARN_BOOL_CONVERSION = YES;
				CLANG_WARN_COMMA = YES;
				CLANG_WARN_CONSTANT_CONVERSION = YES;
				CLANG_WARN_DEPRECATED_OBJC_IMPLEMENTATIONS = YES;
				CLANG_WARN_DIRECT_OBJC_ISA_USAGE = YES_ERROR;
				CLANG_WARN_DOCUMENTATION_COMMENTS = YES;
				CLANG_WARN_EMPTY_BODY = YES;
				CLANG_WARN_ENUM_CONVERSION = YES;
				CLANG_WARN_INFINITE_RECURSION = YES;
				CLANG_WARN_INT_CONVERSION = YES;
				CLANG_WARN_NON_LITERAL_NULL_CONVERSION = YES;
				CLANG_WARN_OBJC_IMPLICIT_RETAIN_SELF = YES;
				CLANG_WARN_OBJC_LITERAL_CONVERSION = YES;
				CLANG_WARN_OBJC_ROOT_CLASS = YES_ERROR;
				CLANG_WARN_QUOTED_INCLUDE_IN_FRAMEWORK_HEADER = YES;
				CLANG_WARN_RANGE_LOOP_ANALYSIS = YES;
				CLANG_WARN_STRICT_PROTOTYPES = YES;
				CLANG_WARN_SUSPICIOUS_MOVE = YES;
				CLANG_WARN_UNGUARDED_AVAILABILITY = YES_AGGRESSIVE;
				CLANG_WARN_UNREACHABLE_CODE = YES;
				CLANG_WARN__DUPLICATE_METHOD_MATCH = YES;
				COPY_PHASE_STRIP = NO;
				DEBUG_INFORMATION_FORMAT = dwarf;
				ENABLE_STRICT_OBJC_MSGSEND = YES;
				ENABLE_TESTABILITY = YES;
				GCC_C_LANGUAGE_STANDARD = gnu11;
				GCC_DYNAMIC_NO_PIC = NO;
				GCC_NO_COMMON_BLOCKS = YES;
				GCC_OPTIMIZATION_LEVEL = 0;
				GCC_PREPROCESSOR_DEFINITIONS = (
					"DEBUG=1",
					"$(inherited)",
				);
				GCC_WARN_64_TO_32_BIT_CONVERSION = YES;
				GCC_WARN_ABOUT_RETURN_TYPE = YES_ERROR;
				GCC_WARN_UNDECLARED_SELECTOR = YES;
				GCC_WARN_UNINITIALIZED_AUTOS = YES_AGGRESSIVE;
				GCC_WARN_UNUSED_FUNCTION = YES;
				GCC_WARN_UNUSED_VARIABLE = YES;
				IPHONEOS_DEPLOYMENT_TARGET = 16.0;
				MTL_ENABLE_DEBUG_INFO = INCLUDE_SOURCE;
				MTL_FAST_MATH = YES;
				ONLY_ACTIVE_ARCH = YES;
				SDKROOT = iphoneos;
				SWIFT_ACTIVE_COMPILATION_CONDITIONS = DEBUG;
				SWIFT_OPTIMIZATION_LEVEL = "-Onone";
			};
			name = Debug;
		};
		3F355D8B287E91B00004AC79 /* Release */ = {
			isa = XCBuildConfiguration;
			buildSettings = {
				ALWAYS_SEARCH_USER_PATHS = NO;
				CLANG_ANALYZER_NONNULL = YES;
				CLANG_ANALYZER_NUMBER_OBJECT_CONVERSION = YES_AGGRESSIVE;
				CLANG_CXX_LANGUAGE_STANDARD = "gnu++20";
				CLANG_ENABLE_MODULES = YES;
				CLANG_ENABLE_OBJC_ARC = YES;
				CLANG_ENABLE_OBJC_WEAK = YES;
				CLANG_WARN_BLOCK_CAPTURE_AUTORELEASING = YES;
				CLANG_WARN_BOOL_CONVERSION = YES;
				CLANG_WARN_COMMA = YES;
				CLANG_WARN_CONSTANT_CONVERSION = YES;
				CLANG_WARN_DEPRECATED_OBJC_IMPLEMENTATIONS = YES;
				CLANG_WARN_DIRECT_OBJC_ISA_USAGE = YES_ERROR;
				CLANG_WARN_DOCUMENTATION_COMMENTS = YES;
				CLANG_WARN_EMPTY_BODY = YES;
				CLANG_WARN_ENUM_CONVERSION = YES;
				CLANG_WARN_INFINITE_RECURSION = YES;
				CLANG_WARN_INT_CONVERSION = YES;
				CLANG_WARN_NON_LITERAL_NULL_CONVERSION = YES;
				CLANG_WARN_OBJC_IMPLICIT_RETAIN_SELF = YES;
				CLANG_WARN_OBJC_LITERAL_CONVERSION = YES;
				CLANG_WARN_OBJC_ROOT_CLASS = YES_ERROR;
				CLANG_WARN_QUOTED_INCLUDE_IN_FRAMEWORK_HEADER = YES;
				CLANG_WARN_RANGE_LOOP_ANALYSIS = YES;
				CLANG_WARN_STRICT_PROTOTYPES = YES;
				CLANG_WARN_SUSPICIOUS_MOVE = YES;
				CLANG_WARN_UNGUARDED_AVAILABILITY = YES_AGGRESSIVE;
				CLANG_WARN_UNREACHABLE_CODE = YES;
				CLANG_WARN__DUPLICATE_METHOD_MATCH = YES;
				COPY_PHASE_STRIP = NO;
				DEBUG_INFORMATION_FORMAT = "dwarf-with-dsym";
				ENABLE_NS_ASSERTIONS = NO;
				ENABLE_STRICT_OBJC_MSGSEND = YES;
				GCC_C_LANGUAGE_STANDARD = gnu11;
				GCC_NO_COMMON_BLOCKS = YES;
				GCC_WARN_64_TO_32_BIT_CONVERSION = YES;
				GCC_WARN_ABOUT_RETURN_TYPE = YES_ERROR;
				GCC_WARN_UNDECLARED_SELECTOR = YES;
				GCC_WARN_UNINITIALIZED_AUTOS = YES_AGGRESSIVE;
				GCC_WARN_UNUSED_FUNCTION = YES;
				GCC_WARN_UNUSED_VARIABLE = YES;
				IPHONEOS_DEPLOYMENT_TARGET = 16.0;
				MTL_ENABLE_DEBUG_INFO = NO;
				MTL_FAST_MATH = YES;
				SDKROOT = iphoneos;
				SWIFT_COMPILATION_MODE = wholemodule;
				SWIFT_OPTIMIZATION_LEVEL = "-O";
				VALIDATE_PRODUCT = YES;
			};
			name = Release;
		};
		3F355D8D287E91B00004AC79 /* Debug */ = {
			isa = XCBuildConfiguration;
			buildSettings = {
				ASSETCATALOG_COMPILER_APPICON_NAME = AppIcon;
				ASSETCATALOG_COMPILER_GLOBAL_ACCENT_COLOR_NAME = AccentColor;
				CODE_SIGN_STYLE = Automatic;
				CURRENT_PROJECT_VERSION = 1;
				DEVELOPMENT_ASSET_PATHS = "\"GestureSample/Preview Content\"";
				ENABLE_PREVIEWS = YES;
				GENERATE_INFOPLIST_FILE = YES;
				INFOPLIST_KEY_UIApplicationSceneManifest_Generation = YES;
				INFOPLIST_KEY_UIApplicationSupportsIndirectInputEvents = YES;
				INFOPLIST_KEY_UILaunchScreen_Generation = YES;
				INFOPLIST_KEY_UISupportedInterfaceOrientations_iPad = "UIInterfaceOrientationPortrait UIInterfaceOrientationPortraitUpsideDown UIInterfaceOrientationLandscapeLeft UIInterfaceOrientationLandscapeRight";
				INFOPLIST_KEY_UISupportedInterfaceOrientations_iPhone = "UIInterfaceOrientationPortrait UIInterfaceOrientationLandscapeLeft UIInterfaceOrientationLandscapeRight";
				LD_RUNPATH_SEARCH_PATHS = (
					"$(inherited)",
					"@executable_path/Frameworks",
				);
				MARKETING_VERSION = 1.0;
				PRODUCT_BUNDLE_IDENTIFIER = kr.ac.tukorea.ce.project.GestureSample;
				PRODUCT_NAME = "$(TARGET_NAME)";
				SWIFT_EMIT_LOC_STRINGS = YES;
				SWIFT_VERSION = 5.0;
				TARGETED_DEVICE_FAMILY = "1,2";
			};
			name = Debug;
		};
		3F355D8E287E91B00004AC79 /* Release */ = {
			isa = XCBuildConfiguration;
			buildSettings = {
				ASSETCATALOG_COMPILER_APPICON_NAME = AppIcon;
				ASSETCATALOG_COMPILER_GLOBAL_ACCENT_COLOR_NAME = AccentColor;
				CODE_SIGN_STYLE = Automatic;
				CURRENT_PROJECT_VERSION = 1;
				DEVELOPMENT_ASSET_PATHS = "\"GestureSample/Preview Content\"";
				ENABLE_PREVIEWS = YES;
				GENERATE_INFOPLIST_FILE = YES;
				INFOPLIST_KEY_UIApplicationSceneManifest_Generation = YES;
				INFOPLIST_KEY_UIApplicationSupportsIndirectInputEvents = YES;
				INFOPLIST_KEY_UILaunchScreen_Generation = YES;
				INFOPLIST_KEY_UISupportedInterfaceOrientations_iPad = "UIInterfaceOrientationPortrait UIInterfaceOrientationPortraitUpsideDown UIInterfaceOrientationLandscapeLeft UIInterfaceOrientationLandscapeRight";
				INFOPLIST_KEY_UISupportedInterfaceOrientations_iPhone = "UIInterfaceOrientationPortrait UIInterfaceOrientationLandscapeLeft UIInterfaceOrientationLandscapeRight";
				LD_RUNPATH_SEARCH_PATHS = (
					"$(inherited)",
					"@executable_path/Frameworks",
				);
				MARKETING_VERSION = 1.0;
				PRODUCT_BUNDLE_IDENTIFIER = kr.ac.tukorea.ce.project.GestureSample;
				PRODUCT_NAME = "$(TARGET_NAME)";
				SWIFT_EMIT_LOC_STRINGS = YES;
				SWIFT_VERSION = 5.0;
				TARGETED_DEVICE_FAMILY = "1,2";
			};
			name = Release;
		};
		3F355D90287E91B00004AC79 /* Debug */ = {
			isa = XCBuildConfiguration;
			buildSettings = {
				ALWAYS_EMBED_SWIFT_STANDARD_LIBRARIES = YES;
				BUNDLE_LOADER = "$(TEST_HOST)";
				CODE_SIGN_STYLE = Automatic;
				CURRENT_PROJECT_VERSION = 1;
				GENERATE_INFOPLIST_FILE = YES;
				IPHONEOS_DEPLOYMENT_TARGET = 16.0;
				MARKETING_VERSION = 1.0;
				PRODUCT_BUNDLE_IDENTIFIER = kr.ac.tukorea.ce.project.GestureSampleTests;
				PRODUCT_NAME = "$(TARGET_NAME)";
				SWIFT_EMIT_LOC_STRINGS = NO;
				SWIFT_VERSION = 5.0;
				TARGETED_DEVICE_FAMILY = "1,2";
				TEST_HOST = "$(BUILT_PRODUCTS_DIR)/GestureSample.app/$(BUNDLE_EXECUTABLE_FOLDER_PATH)/GestureSample";
			};
			name = Debug;
		};
		3F355D91287E91B00004AC79 /* Release */ = {
			isa = XCBuildConfiguration;
			buildSettings = {
				ALWAYS_EMBED_SWIFT_STANDARD_LIBRARIES = YES;
				BUNDLE_LOADER = "$(TEST_HOST)";
				CODE_SIGN_STYLE = Automatic;
				CURRENT_PROJECT_VERSION = 1;
				GENERATE_INFOPLIST_FILE = YES;
				IPHONEOS_DEPLOYMENT_TARGET = 16.0;
				MARKETING_VERSION = 1.0;
				PRODUCT_BUNDLE_IDENTIFIER = kr.ac.tukorea.ce.project.GestureSampleTests;
				PRODUCT_NAME = "$(TARGET_NAME)";
				SWIFT_EMIT_LOC_STRINGS = NO;
				SWIFT_VERSION = 5.0;
				TARGETED_DEVICE_FAMILY = "1,2";
				TEST_HOST = "$(BUILT_PRODUCTS_DIR)/GestureSample.app/$(BUNDLE_EXECUTABLE_FOLDER_PATH)/GestureSample";
			};
			name = Release;
		};
		3F355D93287E91B00004AC79 /* Debug */ = {
			isa = XCBuildConfiguration;
			buildSettings = {
				ALWAYS_EMBED_SWIFT_STANDARD_LIBRARIES = YES;
				CODE_SIGN_STYLE = Automatic;
				CURRENT_PROJECT_VERSION = 1;
				GENERATE_INFOPLIST_FILE = YES;
				MARKETING_VERSION = 1.0;
				PRODUCT_BUNDLE_IDENTIFIER = kr.ac.tukorea.ce.project.GestureSampleUITests;
				PRODUCT_NAME = "$(TARGET_NAME)";
				SWIFT_EMIT_LOC_STRINGS = NO;
				SWIFT_VERSION = 5.0;
				TARGETED_DEVICE_FAMILY = "1,2";
				TEST_TARGET_NAME = GestureSample;
			};
			name = Debug;
		};
		3F355D94287E91B00004AC79 /* Release */ = {
			isa = XCBuildConfiguration;
			buildSettings = {
				ALWAYS_EMBED_SWIFT_STANDARD_LIBRARIES = YES;
				CODE_SIGN_STYLE = Automatic;
				CURRENT_PROJECT_VERSION = 1;
				GENERATE_INFOPLIST_FILE = YES;
				MARKETING_VERSION = 1.0;
				PRODUCT_BUNDLE_IDENTIFIER = kr.ac.tukorea.ce.project.GestureSampleUITests;
				PRODUCT_NAME = "$(TARGET_NAME)";
				SWIFT_EMIT_LOC_STRINGS = NO;
				SWIFT_VERSION = 5.0;
				TARGETED_DEVICE_FAMILY = "1,2";
				TEST_TARGET_NAME = GestureSample;
			};
			name = Release;
		};
/* End XCBuildConfiguration section */

/* Begin XCConfigurationList section */
		3F355D63287E91AE0004AC79 /* Build configuration list for PBXProject "GestureSample" */ = {
			isa = XCConfigurationList;
			buildConfigurations = (
				3F355D8A287E91B00004AC79 /* Debug */,
				3F355D8B287E91B00004AC79 /* Release */,
			);
			defaultConfigurationIsVisible = 0;
			defaultConfigurationName = Release;
		};
		3F355D8C287E91B00004AC79 /* Build configuration list for PBXNativeTarget "GestureSample" */ = {
			isa = XCConfigurationList;
			buildConfigurations = (
				3F355D8D287E91B00004AC79 /* Debug */,
				3F355D8E287E91B00004AC79 /* Release */,
			);
			defaultConfigurationIsVisible = 0;
			defaultConfigurationName = Release;
		};
		3F355D8F287E91B00004AC79 /* Build configuration list for PBXNativeTarget "GestureSampleTests" */ = {
			isa = XCConfigurationList;
			buildConfigurations = (
				3F355D90287E91B00004AC79 /* Debug */,
				3F355D91287E91B00004AC79 /* Release */,
			);
			defaultConfigurationIsVisible = 0;
			defaultConfigurationName = Release;
		};
		3F355D92287E91B00004AC79 /* Build configuration list for PBXNativeTarget "GestureSampleUITests" */ = {
			isa = XCConfigurationList;
			buildConfigurations = (
				3F355D93287E91B00004AC79 /* Debug */,
				3F355D94287E91B00004AC79 /* Release */,
			);
			defaultConfigurationIsVisible = 0;
			defaultConfigurationName = Release;
		};
/* End XCConfigurationList section */
	};
	rootObject = 3F355D60287E91AE0004AC79 /* Project object */;
}
